
Microsoft Visual Studio Solution File, Format Version 12.00
# Visual Studio Express 2013 for Windows Desktop
VisualStudioVersion = 12.0.31101.0
MinimumVisualStudioVersion = 10.0.40219.1
Project("{8BC9CEB8-8B4A-11D0-8D11-00A0C91BC942}") = "mkObject", "mkObject.vcxproj", "{4607A4B6-3705-4A98-874D-732C69093C02}"
EndProject
Project("{8BC9CEB8-8B4A-11D0-8D11-00A0C91BC942}") = "mkUi", "mkUi.vcxproj", "{AF22B9FF-B338-3E7B-BD06-BF4C345325ED}"
	ProjectSection(ProjectDependencies) = postProject
		{4607A4B6-3705-4A98-874D-732C69093C02} = {4607A4B6-3705-4A98-874D-732C69093C02}
	EndProjectSection
EndProject
Global
	GlobalSection(SolutionConfigurationPlatforms) = preSolution
		Console|Win32 = Console|Win32
		Debug|Win32 = Debug|Win32
		Release|Win32 = Release|Win32
	EndGlobalSection
	GlobalSection(ProjectConfigurationPlatforms) = postSolution
		{4607A4B6-3705-4A98-874D-732C69093C02}.Console|Win32.ActiveCfg = Release|Win32
		{4607A4B6-3705-4A98-874D-732C69093C02}.Console|Win32.Build.0 = Release|Win32
		{4607A4B6-3705-4A98-874D-732C69093C02}.Debug|Win32.ActiveCfg = Debug|Win32
		{4607A4B6-3705-4A98-874D-732C69093C02}.Debug|Win32.Build.0 = Debug|Win32
		{4607A4B6-3705-4A98-874D-732C69093C02}.Release|Win32.ActiveCfg = Release|Win32
		{4607A4B6-3705-4A98-874D-732C69093C02}.Release|Win32.Build.0 = Release|Win32
		{AF22B9FF-B338-3E7B-BD06-BF4C345325ED}.Console|Win32.ActiveCfg = Release|Win32
		{AF22B9FF-B338-3E7B-BD06-BF4C345325ED}.Console|Win32.Build.0 = Release|Win32
		{AF22B9FF-B338-3E7B-BD06-BF4C345325ED}.Debug|Win32.ActiveCfg = Debug|Win32
		{AF22B9FF-B338-3E7B-BD06-BF4C345325ED}.Debug|Win32.Build.0 = Debug|Win32
		{AF22B9FF-B338-3E7B-BD06-BF4C345325ED}.Release|Win32.ActiveCfg = Release|Win32
		{AF22B9FF-B338-3E7B-BD06-BF4C345325ED}.Release|Win32.Build.0 = Release|Win32
	EndGlobalSection
	GlobalSection(SolutionProperties) = preSolution
		HideSolutionNode = FALSE
	EndGlobalSection
EndGlobal
