<?xml version="1.0" encoding="utf-8"?>
<Project ToolsVersion="4.0" xmlns="http://schemas.microsoft.com/developer/msbuild/2003">
  <ItemGroup>
    <Filter Include="Source Files">
      <UniqueIdentifier>{4FC737F1-C7A5-4376-A066-2A32D752A2FF}</UniqueIdentifier>
      <Extensions>cpp;c;cc;cxx;def;odl;idl;hpj;bat;asm;asmx</Extensions>
    </Filter>
    <Filter Include="Header Files">
      <UniqueIdentifier>{93995380-89BD-4b04-88EB-625FBE52EBFB}</UniqueIdentifier>
      <Extensions>h;hpp;hxx;hm;inl;inc;xsd</Extensions>
    </Filter>
    <Filter Include="Resource Files">
      <UniqueIdentifier>{67DA6AB6-F800-4c08-8B7A-83BB121AAD01}</UniqueIdentifier>
      <Extensions>rc;ico;cur;bmp;dlg;rc2;rct;bin;rgs;gif;jpg;jpeg;jpe;resx;tiff;tif;png;wav</Extensions>
    </Filter>
  </ItemGroup>
  <ItemGroup>
    <ClInclude Include="String\strtk.hpp">
      <Filter>Header Files</Filter>
    </ClInclude>
    <ClInclude Include="String\mkStringConvert.h">
      <Filter>Header Files</Filter>
    </ClInclude>
    <ClInclude Include="String\mkString.h">
      <Filter>Header Files</Filter>
    </ClInclude>
    <ClInclude Include="mkObjectImprints.h">
      <Filter>Header Files</Filter>
    </ClInclude>
    <ClInclude Include="mkObjectConfig.h">
      <Filter>Header Files</Filter>
    </ClInclude>
    <ClInclude Include="mkObjectForward.h">
      <Filter>Header Files</Filter>
    </ClInclude>
    <ClInclude Include="mkObjectTypes.h">
      <Filter>Header Files</Filter>
    </ClInclude>
    <ClInclude Include="mkPragma.h">
      <Filter>Header Files</Filter>
    </ClInclude>
    <ClInclude Include="mkTypeUtils.h">
      <Filter>Header Files</Filter>
    </ClInclude>
    <ClInclude Include="mkId.h">
      <Filter>Header Files</Filter>
    </ClInclude>
    <ClInclude Include="mkModular.h">
      <Filter>Header Files</Filter>
    </ClInclude>
    <ClInclude Include="mkObject.h">
      <Filter>Header Files</Filter>
    </ClInclude>
    <ClInclude Include="mkProto.h">
      <Filter>Header Files</Filter>
    </ClInclude>
    <ClInclude Include="mkStem.h">
      <Filter>Header Files</Filter>
    </ClInclude>
    <ClInclude Include="mkType.h">
      <Filter>Header Files</Filter>
    </ClInclude>
    <ClInclude Include="mkTyped.h">
      <Filter>Header Files</Filter>
    </ClInclude>
    <ClInclude Include="Util\mkDispatch.h">
      <Filter>Header Files</Filter>
    </ClInclude>
    <ClInclude Include="Util\mkGlobalType.h">
      <Filter>Header Files</Filter>
    </ClInclude>
    <ClInclude Include="Util\mkNonCopy.h">
      <Filter>Header Files</Filter>
    </ClInclude>
    <ClInclude Include="Util\mkUpdatable.h">
      <Filter>Header Files</Filter>
    </ClInclude>
    <ClInclude Include="mkIndexer.h">
      <Filter>Header Files</Filter>
    </ClInclude>
    <ClInclude Include="Store\mkIterable.h">
      <Filter>Header Files</Filter>
    </ClInclude>
    <ClInclude Include="Store\mkStoreObserver.h">
      <Filter>Header Files</Filter>
    </ClInclude>
    <ClInclude Include="Store\mkStore.h">
      <Filter>Header Files</Filter>
    </ClInclude>
    <ClInclude Include="Store\mkArray.h">
      <Filter>Header Files</Filter>
    </ClInclude>
    <ClInclude Include="Store\mkCountStore.h">
      <Filter>Header Files</Filter>
    </ClInclude>
    <ClInclude Include="Store\mkGridStore.h">
      <Filter>Header Files</Filter>
    </ClInclude>
    <ClInclude Include="Store\mkIndexStore.h">
      <Filter>Header Files</Filter>
    </ClInclude>
    <ClInclude Include="Store\mkQuickStore.h">
      <Filter>Header Files</Filter>
    </ClInclude>
    <ClInclude Include="Store\mkRegistry.h">
      <Filter>Header Files</Filter>
    </ClInclude>
    <ClInclude Include="Store\mkReverse.h">
      <Filter>Header Files</Filter>
    </ClInclude>
    <ClInclude Include="mkRef.h">
      <Filter>Header Files</Filter>
    </ClInclude>
    <ClInclude Include="Util\mkColour.h">
      <Filter>Header Files</Filter>
    </ClInclude>
    <ClInclude Include="Util\mkTimer.h">
      <Filter>Header Files</Filter>
    </ClInclude>
    <ClInclude Include="Util\mkMake.h">
      <Filter>Header Files</Filter>
    </ClInclude>
    <ClInclude Include="Util\mkStat.h">
      <Filter>Header Files</Filter>
    </ClInclude>
    <ClInclude Include="Util\mkPool.h">
      <Filter>Header Files</Filter>
    </ClInclude>
    <ClInclude Include="Threading\mkLocklessQueue.h">
      <Filter>Header Files</Filter>
    </ClInclude>
    <ClInclude Include="Threading\mkScheduler.h">
      <Filter>Header Files</Filter>
    </ClInclude>
    <ClInclude Include="mkLibrary.h">
      <Filter>Header Files</Filter>
    </ClInclude>
    <ClInclude Include="Util\mkStatString.h">
      <Filter>Header Files</Filter>
    </ClInclude>
    <ClInclude Include="Util\mkTimeString.h">
      <Filter>Header Files</Filter>
    </ClInclude>
    <ClInclude Include="Image\mkImage.h">
      <Filter>Header Files</Filter>
    </ClInclude>
  </ItemGroup>
  <ItemGroup>
    <ClCompile Include="String\mkString.cpp">
      <Filter>Source Files</Filter>
    </ClCompile>
    <ClCompile Include="mkModular.cpp">
      <Filter>Source Files</Filter>
    </ClCompile>
    <ClCompile Include="mkObject.cpp">
      <Filter>Source Files</Filter>
    </ClCompile>
    <ClCompile Include="mkProto.cpp">
      <Filter>Source Files</Filter>
    </ClCompile>
    <ClCompile Include="mkStem.cpp">
      <Filter>Source Files</Filter>
    </ClCompile>
    <ClCompile Include="mkType.cpp">
      <Filter>Source Files</Filter>
    </ClCompile>
    <ClCompile Include="Util\mkGlobalType.cpp">
      <Filter>Source Files</Filter>
    </ClCompile>
    <ClCompile Include="mkRef.cpp">
      <Filter>Source Files</Filter>
    </ClCompile>
    <ClCompile Include="Util\mkUpdatable.cpp">
      <Filter>Source Files</Filter>
    </ClCompile>
    <ClCompile Include="Util\mkColour.cpp">
      <Filter>Source Files</Filter>
    </ClCompile>
    <ClCompile Include="Util\mkTimer.cpp">
      <Filter>Source Files</Filter>
    </ClCompile>
    <ClCompile Include="Util\mkStat.cpp">
      <Filter>Source Files</Filter>
    </ClCompile>
    <ClCompile Include="mkTyped.cpp">
      <Filter>Source Files</Filter>
    </ClCompile>
    <ClCompile Include="Util\mkPool.cpp">
      <Filter>Source Files</Filter>
    </ClCompile>
    <ClCompile Include="Threading\mkScheduler.cpp">
      <Filter>Source Files</Filter>
    </ClCompile>
    <ClCompile Include="Image\mkImage.cpp">
      <Filter>Source Files</Filter>
    </ClCompile>
  </ItemGroup>
</Project>