<?xml version="1.0" encoding="utf-8"?>
<Project ToolsVersion="4.0" xmlns="http://schemas.microsoft.com/developer/msbuild/2003">
  <ItemGroup>
    <Filter Include="Source Files">
      <UniqueIdentifier>{4FC737F1-C7A5-4376-A066-2A32D752A2FF}</UniqueIdentifier>
      <Extensions>cpp;c;cc;cxx;def;odl;idl;hpj;bat;asm;asmx</Extensions>
    </Filter>
    <Filter Include="Header Files">
      <UniqueIdentifier>{93995380-89BD-4b04-88EB-625FBE52EBFB}</UniqueIdentifier>
      <Extensions>h;hpp;hxx;hm;inl;inc;xsd</Extensions>
    </Filter>
    <Filter Include="Resource Files">
      <UniqueIdentifier>{67DA6AB6-F800-4c08-8B7A-83BB121AAD01}</UniqueIdentifier>
      <Extensions>rc;ico;cur;bmp;dlg;rc2;rct;bin;rgs;gif;jpg;jpeg;jpe;resx;tiff;tif;png;wav</Extensions>
    </Filter>
  </ItemGroup>
  <ItemGroup>
    <ClInclude Include="Form\mkDropper.h">
      <Filter>Header Files</Filter>
    </ClInclude>
    <ClInclude Include="Form\mkButton.h">
      <Filter>Header Files</Filter>
    </ClInclude>
    <ClInclude Include="Form\mkWidgets.h">
      <Filter>Header Files</Filter>
    </ClInclude>
    <ClInclude Include="Form\mkForm.h">
      <Filter>Header Files</Filter>
    </ClInclude>
    <ClInclude Include="Frame\mkFrame.h">
      <Filter>Header Files</Filter>
    </ClInclude>
    <ClInclude Include="Frame\mkInk.h">
      <Filter>Header Files</Filter>
    </ClInclude>
    <ClInclude Include="Frame\mkStripe.h">
      <Filter>Header Files</Filter>
    </ClInclude>
    <ClInclude Include="Frame\mkUibox.h">
      <Filter>Header Files</Filter>
    </ClInclude>
    <ClInclude Include="Widget\mkWCheckbox.h">
      <Filter>Header Files</Filter>
    </ClInclude>
    <ClInclude Include="Widget\mkWContextMenu.h">
      <Filter>Header Files</Filter>
    </ClInclude>
    <ClInclude Include="mkRenderWindow.h">
      <Filter>Header Files</Filter>
    </ClInclude>
    <ClInclude Include="mkUiWindow.h">
      <Filter>Header Files</Filter>
    </ClInclude>
    <ClInclude Include="mkUiTypes.h">
      <Filter>Header Files</Filter>
    </ClInclude>
    <ClInclude Include="Input\mkInputDispatcher.h">
      <Filter>Header Files</Filter>
    </ClInclude>
    <ClInclude Include="Input\mkKeyCode.h">
      <Filter>Header Files</Filter>
    </ClInclude>
    <ClInclude Include="mkUiForward.h">
      <Filter>Header Files</Filter>
    </ClInclude>
    <ClInclude Include="mkUiConfig.h">
      <Filter>Header Files</Filter>
    </ClInclude>
    <ClInclude Include="mkUi.h">
      <Filter>Header Files</Filter>
    </ClInclude>
    <ClInclude Include="Widget\mkWButton.h">
      <Filter>Header Files</Filter>
    </ClInclude>
    <ClInclude Include="Widget\mkWidget.h">
      <Filter>Header Files</Filter>
    </ClInclude>
    <ClInclude Include="Controller\mkController.h">
      <Filter>Header Files</Filter>
    </ClInclude>
    <ClInclude Include="Form\mkFValue.h">
      <Filter>Header Files</Filter>
    </ClInclude>
    <ClInclude Include="mkUiLayout.h">
      <Filter>Header Files</Filter>
    </ClInclude>
    <ClInclude Include="Widget\mkWSlider.h">
      <Filter>Header Files</Filter>
    </ClInclude>
    <ClInclude Include="Widget\mkWScrollbar.h">
      <Filter>Header Files</Filter>
    </ClInclude>
    <ClInclude Include="mkUiImprints.h">
      <Filter>Header Files</Filter>
    </ClInclude>
    <ClInclude Include="Widget\mkWTypeIn.h">
      <Filter>Header Files</Filter>
    </ClInclude>
    <ClInclude Include="Form\mkHook.h">
      <Filter>Header Files</Filter>
    </ClInclude>
    <ClInclude Include="Scheme\mkList.h">
      <Filter>Header Files</Filter>
    </ClInclude>
    <ClInclude Include="Scheme\mkCollection.h">
      <Filter>Header Files</Filter>
    </ClInclude>
    <ClInclude Include="Form\mkRootForm.h">
      <Filter>Header Files</Filter>
    </ClInclude>
    <ClInclude Include="Frame\mkDimString.h">
      <Filter>Header Files</Filter>
    </ClInclude>
    <ClInclude Include="Scheme\mkWDockspace.h">
      <Filter>Header Files</Filter>
    </ClInclude>
    <ClInclude Include="Scheme\mkWDropdown.h">
      <Filter>Header Files</Filter>
    </ClInclude>
    <ClInclude Include="Scheme\mkWExpandbox.h">
      <Filter>Header Files</Filter>
    </ClInclude>
    <ClInclude Include="Scheme\mkWRadioButton.h">
      <Filter>Header Files</Filter>
    </ClInclude>
    <ClInclude Include="Scheme\mkWTabber.h">
      <Filter>Header Files</Filter>
    </ClInclude>
    <ClInclude Include="Scheme\mkWWindow.h">
      <Filter>Header Files</Filter>
    </ClInclude>
    <ClInclude Include="Scheme\mkScheme.h">
      <Filter>Header Files</Filter>
    </ClInclude>
    <ClInclude Include="Nano\mkNanoInk.h">
      <Filter>Header Files</Filter>
    </ClInclude>
    <ClInclude Include="Nano\mkNanoWindow.h">
      <Filter>Header Files</Filter>
    </ClInclude>
    <ClInclude Include="Nano\mkGlWindow.h">
      <Filter>Header Files</Filter>
    </ClInclude>
    <ClInclude Include="Nano\nanovg\fontstash.h">
      <Filter>Header Files</Filter>
    </ClInclude>
    <ClInclude Include="Nano\nanovg\nanovg.h">
      <Filter>Header Files</Filter>
    </ClInclude>
    <ClInclude Include="Nano\nanovg\nanovg_gl.h">
      <Filter>Header Files</Filter>
    </ClInclude>
    <ClInclude Include="Nano\nanovg\nanovg_gl_utils.h">
      <Filter>Header Files</Filter>
    </ClInclude>
    <ClInclude Include="Nano\nanovg\stb_image.h">
      <Filter>Header Files</Filter>
    </ClInclude>
    <ClInclude Include="Nano\nanovg\stb_truetype.h">
      <Filter>Header Files</Filter>
    </ClInclude>
    <ClInclude Include="Nano\nanovg\glew.h">
      <Filter>Header Files</Filter>
    </ClInclude>
    <ClInclude Include="Nano\nanovg\glxew.h">
      <Filter>Header Files</Filter>
    </ClInclude>
    <ClInclude Include="Nano\nanovg\wglew.h">
      <Filter>Header Files</Filter>
    </ClInclude>
    <ClInclude Include="Scheme\mkWTree.h">
      <Filter>Header Files</Filter>
    </ClInclude>
    <ClInclude Include="Scheme\mkWTable.h">
      <Filter>Header Files</Filter>
    </ClInclude>
    <ClInclude Include="Widget\mkSheet.h">
      <Filter>Header Files</Filter>
    </ClInclude>
    <ClInclude Include="Widget\mkWTextbox.h">
      <Filter>Header Files</Filter>
    </ClInclude>
  </ItemGroup>
  <ItemGroup>
    <ClCompile Include="Form\mkDropper.cpp">
      <Filter>Source Files</Filter>
    </ClCompile>
    <ClCompile Include="Form\mkButton.cpp">
      <Filter>Source Files</Filter>
    </ClCompile>
    <ClCompile Include="Form\mkWidgets.cpp">
      <Filter>Source Files</Filter>
    </ClCompile>
    <ClCompile Include="Form\mkForm.cpp">
      <Filter>Source Files</Filter>
    </ClCompile>
    <ClCompile Include="Frame\mkFrame.cpp">
      <Filter>Source Files</Filter>
    </ClCompile>
    <ClCompile Include="Frame\mkInk.cpp">
      <Filter>Source Files</Filter>
    </ClCompile>
    <ClCompile Include="Frame\mkStripe.cpp">
      <Filter>Source Files</Filter>
    </ClCompile>
    <ClCompile Include="Frame\mkUibox.cpp">
      <Filter>Source Files</Filter>
    </ClCompile>
    <ClCompile Include="Widget\mkWCheckbox.cpp">
      <Filter>Source Files</Filter>
    </ClCompile>
    <ClCompile Include="Widget\mkWContextMenu.cpp">
      <Filter>Source Files</Filter>
    </ClCompile>
    <ClCompile Include="mkUiWindow.cpp">
      <Filter>Source Files</Filter>
    </ClCompile>
    <ClCompile Include="Widget\mkWButton.cpp">
      <Filter>Source Files</Filter>
    </ClCompile>
    <ClCompile Include="Widget\mkWidget.cpp">
      <Filter>Source Files</Filter>
    </ClCompile>
    <ClCompile Include="Controller\mkController.cpp">
      <Filter>Source Files</Filter>
    </ClCompile>
    <ClCompile Include="Form\mkFValue.cpp">
      <Filter>Source Files</Filter>
    </ClCompile>
    <ClCompile Include="mkUiLayout.cpp">
      <Filter>Source Files</Filter>
    </ClCompile>
    <ClCompile Include="Widget\mkWSlider.cpp">
      <Filter>Source Files</Filter>
    </ClCompile>
    <ClCompile Include="Widget\mkWScrollbar.cpp">
      <Filter>Source Files</Filter>
    </ClCompile>
    <ClCompile Include="Widget\mkWTypeIn.cpp">
      <Filter>Source Files</Filter>
    </ClCompile>
    <ClCompile Include="Form\mkHook.cpp">
      <Filter>Source Files</Filter>
    </ClCompile>
    <ClCompile Include="Scheme\mkList.cpp">
      <Filter>Source Files</Filter>
    </ClCompile>
    <ClCompile Include="Scheme\mkCollection.cpp">
      <Filter>Source Files</Filter>
    </ClCompile>
    <ClCompile Include="Form\mkRootForm.cpp">
      <Filter>Source Files</Filter>
    </ClCompile>
    <ClCompile Include="Scheme\mkWDockspace.cpp">
      <Filter>Source Files</Filter>
    </ClCompile>
    <ClCompile Include="Scheme\mkWDropdown.cpp">
      <Filter>Source Files</Filter>
    </ClCompile>
    <ClCompile Include="Scheme\mkWExpandbox.cpp">
      <Filter>Source Files</Filter>
    </ClCompile>
    <ClCompile Include="Scheme\mkWRadioButton.cpp">
      <Filter>Source Files</Filter>
    </ClCompile>
    <ClCompile Include="Scheme\mkWTabber.cpp">
      <Filter>Source Files</Filter>
    </ClCompile>
    <ClCompile Include="Scheme\mkWWindow.cpp">
      <Filter>Source Files</Filter>
    </ClCompile>
    <ClCompile Include="Scheme\mkScheme.cpp">
      <Filter>Source Files</Filter>
    </ClCompile>
    <ClCompile Include="Nano\mkNanoInk.cpp">
      <Filter>Source Files</Filter>
    </ClCompile>
    <ClCompile Include="Nano\mkNanoWindow.cpp">
      <Filter>Source Files</Filter>
    </ClCompile>
    <ClCompile Include="Nano\mkGlWindow.cpp">
      <Filter>Source Files</Filter>
    </ClCompile>
    <ClCompile Include="Nano\nanovg\nanovg.c">
      <Filter>Source Files</Filter>
    </ClCompile>
    <ClCompile Include="Nano\nanovg\glew.c">
      <Filter>Source Files</Filter>
    </ClCompile>
    <ClCompile Include="Scheme\mkWTree.cpp">
      <Filter>Source Files</Filter>
    </ClCompile>
    <ClCompile Include="Scheme\mkWTable.cpp">
      <Filter>Source Files</Filter>
    </ClCompile>
    <ClCompile Include="mkUiExample.cpp">
      <Filter>Source Files</Filter>
    </ClCompile>
    <ClCompile Include="Widget\mkSheet.cpp">
      <Filter>Source Files</Filter>
    </ClCompile>
    <ClCompile Include="Widget\mkWTextbox.cpp">
      <Filter>Source Files</Filter>
    </ClCompile>
  </ItemGroup>
</Project>